<?xml version="1.0" encoding="utf-8"?>
<Project ToolsVersion="4.0" xmlns="http://schemas.microsoft.com/developer/msbuild/2003">
  <ItemGroup>
    <Filter Include="소스 파일">
      <UniqueIdentifier>{4FC737F1-C7A5-4376-A066-2A32D752A2FF}</UniqueIdentifier>
      <Extensions>cpp;c;cc;cxx;def;odl;idl;hpj;bat;asm;asmx</Extensions>
    </Filter>
    <Filter Include="헤더 파일">
      <UniqueIdentifier>{93995380-89BD-4b04-88EB-625FBE52EBFB}</UniqueIdentifier>
      <Extensions>h;hh;hpp;hxx;hm;inl;inc;xsd</Extensions>
    </Filter>
    <Filter Include="소스 파일\Render">
      <UniqueIdentifier>{86463d22-8681-40ac-8bb0-d4cb2a8d3c46}</UniqueIdentifier>
    </Filter>
    <Filter Include="소스 파일\Entry">
      <UniqueIdentifier>{0b240306-3211-44a2-a458-0428090f32fb}</UniqueIdentifier>
    </Filter>
    <Filter Include="소스 파일\ThisApp">
      <UniqueIdentifier>{354c1c1e-73c0-415b-aa4b-af0fe7516323}</UniqueIdentifier>
    </Filter>
    <Filter Include="소스 파일\ThisApp\OpenPose">
      <UniqueIdentifier>{e96c2e9c-e266-4ad8-ac51-32b75ada36e5}</UniqueIdentifier>
    </Filter>
    <Filter Include="소스 파일\ThisApp\VMD">
      <UniqueIdentifier>{c0e0076e-56e5-4b40-bddc-23761288b4ea}</UniqueIdentifier>
    </Filter>
  </ItemGroup>
  <ItemGroup>
    <ClCompile Include="pch.cpp">
      <Filter>헤더 파일</Filter>
    </ClCompile>
    <ClCompile Include="Render.cpp">
      <Filter>소스 파일\Render</Filter>
    </ClCompile>
    <ClCompile Include="SceneDescriptor.cpp">
      <Filter>소스 파일\Render</Filter>
    </ClCompile>
    <ClCompile Include="WinMain.cpp">
      <Filter>소스 파일\Entry</Filter>
    </ClCompile>
    <ClCompile Include="ThisApp.cpp">
      <Filter>소스 파일\ThisApp</Filter>
    </ClCompile>
    <ClCompile Include="RenderContext.cpp">
      <Filter>소스 파일\Render</Filter>
    </ClCompile>
    <ClCompile Include="OpenPose.cpp">
      <Filter>소스 파일\ThisApp\OpenPose</Filter>
    </ClCompile>
    <ClCompile Include="OpenPoseRenderer.cpp">
      <Filter>소스 파일\ThisApp\OpenPose</Filter>
    </ClCompile>
  </ItemGroup>
  <ItemGroup>
    <ClInclude Include="pch.h">
      <Filter>헤더 파일</Filter>
    </ClInclude>
    <ClInclude Include="Render.h">
      <Filter>소스 파일\Render</Filter>
    </ClInclude>
    <ClInclude Include="SceneDescriptor.h">
      <Filter>소스 파일\Render</Filter>
    </ClInclude>
    <ClInclude Include="ThisApp.h">
      <Filter>소스 파일\ThisApp</Filter>
    </ClInclude>
    <ClInclude Include="RenderContext.h">
      <Filter>소스 파일\Render</Filter>
    </ClInclude>
    <ClInclude Include="OpenPose.h">
      <Filter>소스 파일\ThisApp\OpenPose</Filter>
    </ClInclude>
    <ClInclude Include="OpenPoseRenderer.h">
      <Filter>소스 파일\ThisApp\OpenPose</Filter>
    </ClInclude>
    <ClInclude Include="Vmd.h">
      <Filter>소스 파일\ThisApp\VMD</Filter>
    </ClInclude>
  </ItemGroup>
</Project>